
Microsoft Visual Studio Solution File, Format Version 12.00
# Visual Studio Version 17
VisualStudioVersion = 17.8.34330.188
MinimumVisualStudioVersion = 10.0.40219.1
Project("{FAE04EC0-301F-11D3-BF4B-00C04F79EFBC}") = "Work8", "work8\Work8.csproj", "{CBD69673-4A17-4C55-A812-AC97F42DDC02}"
EndProject
Global
	GlobalSection(SolutionConfigurationPlatforms) = preSolution
		Debug|Any CPU = Debug|Any CPU
		Release|Any CPU = Release|Any CPU
	EndGlobalSection
	GlobalSection(ProjectConfigurationPlatforms) = postSolution
		{CBD69673-4A17-4C55-A812-AC97F42DDC02}.Debug|Any CPU.ActiveCfg = Debug|Any CPU
		{CBD69673-4A17-4C55-A812-AC97F42DDC02}.Debug|Any CPU.Build.0 = Debug|Any CPU
		{CBD69673-4A17-4C55-A812-AC97F42DDC02}.Release|Any CPU.ActiveCfg = Release|Any CPU
		{CBD69673-4A17-4C55-A812-AC97F42DDC02}.Release|Any CPU.Build.0 = Release|Any CPU
	EndGlobalSection
	GlobalSection(SolutionProperties) = preSolution
		HideSolutionNode = FALSE
	EndGlobalSection
	GlobalSection(ExtensibilityGlobals) = postSolution
		SolutionGuid = {2E32478F-82CA-457A-AC5B-424A86C11084}
	EndGlobalSection
EndGlobal
